
Microsoft Visual Studio Solution File, Format Version 12.00
# Visual Studio 14
VisualStudioVersion = 14.0.23107.0
MinimumVisualStudioVersion = 10.0.40219.1
Project("{2150E333-8FDC-42A3-9474-1A3956D46DE8}") = "Solution Items", "Solution Items", "{698631E9-11D8-4CC8-BD94-AFDE8CA903C0}"
	ProjectSection(SolutionItems) = preProject
		Cron.vsmdi = Cron.vsmdi
		LocalTestRun.testrunconfig = LocalTestRun.testrunconfig
	EndProjectSection
EndProject
Project("{FAE04EC0-301F-11D3-BF4B-00C04F79EFBC}") = "Cron", "Cron\Cron.csproj", "{669CCD90-EBB4-438B-A31A-A16030214B61}"
EndProject
Project("{FAE04EC0-301F-11D3-BF4B-00C04F79EFBC}") = "aConsoleApplication1", "aConsoleApplication1\aConsoleApplication1.csproj", "{A1C912A1-37BF-4EB4-9551-45B4946DA1DB}"
EndProject
Global
	GlobalSection(SolutionConfigurationPlatforms) = preSolution
		Debug|Any CPU = Debug|Any CPU
		Release|Any CPU = Release|Any CPU
	EndGlobalSection
	GlobalSection(ProjectConfigurationPlatforms) = postSolution
		{669CCD90-EBB4-438B-A31A-A16030214B61}.Debug|Any CPU.ActiveCfg = Debug|Any CPU
		{669CCD90-EBB4-438B-A31A-A16030214B61}.Debug|Any CPU.Build.0 = Debug|Any CPU
		{669CCD90-EBB4-438B-A31A-A16030214B61}.Release|Any CPU.ActiveCfg = Release|Any CPU
		{669CCD90-EBB4-438B-A31A-A16030214B61}.Release|Any CPU.Build.0 = Release|Any CPU
		{A1C912A1-37BF-4EB4-9551-45B4946DA1DB}.Debug|Any CPU.ActiveCfg = Debug|Any CPU
		{A1C912A1-37BF-4EB4-9551-45B4946DA1DB}.Debug|Any CPU.Build.0 = Debug|Any CPU
		{A1C912A1-37BF-4EB4-9551-45B4946DA1DB}.Release|Any CPU.ActiveCfg = Release|Any CPU
		{A1C912A1-37BF-4EB4-9551-45B4946DA1DB}.Release|Any CPU.Build.0 = Release|Any CPU
	EndGlobalSection
	GlobalSection(SolutionProperties) = preSolution
		HideSolutionNode = FALSE
	EndGlobalSection
	GlobalSection(TestCaseManagementSettings) = postSolution
		CategoryFile = Cron.vsmdi
	EndGlobalSection
EndGlobal
